
Microsoft Visual Studio Solution File, Format Version 12.00
# Visual Studio 15
VisualStudioVersion = 15.0.26124.0
MinimumVisualStudioVersion = 15.0.26124.0
Project("{FAE04EC0-301F-11D3-BF4B-00C04F79EFBC}") = "GameTOP", "GameTOP\GameTOP.csproj", "{287768BA-A630-4C2F-9727-3ABC6BD75149}"
EndProject
Project("{FAE04EC0-301F-11D3-BF4B-00C04F79EFBC}") = "GameTOP.Lib", "GameTOP.Lib\GameTOP.Lib.csproj", "{6F1B18CD-7632-4C45-85CA-C2927695ABCE}"
EndProject
Global
	GlobalSection(SolutionConfigurationPlatforms) = preSolution
		Debug|Any CPU = Debug|Any CPU
		Debug|x64 = Debug|x64
		Debug|x86 = Debug|x86
		Release|Any CPU = Release|Any CPU
		Release|x64 = Release|x64
		Release|x86 = Release|x86
	EndGlobalSection
	GlobalSection(SolutionProperties) = preSolution
		HideSolutionNode = FALSE
	EndGlobalSection
	GlobalSection(ProjectConfigurationPlatforms) = postSolution
		{287768BA-A630-4C2F-9727-3ABC6BD75149}.Debug|Any CPU.ActiveCfg = Debug|Any CPU
		{287768BA-A630-4C2F-9727-3ABC6BD75149}.Debug|Any CPU.Build.0 = Debug|Any CPU
		{287768BA-A630-4C2F-9727-3ABC6BD75149}.Debug|x64.ActiveCfg = Debug|Any CPU
		{287768BA-A630-4C2F-9727-3ABC6BD75149}.Debug|x64.Build.0 = Debug|Any CPU
		{287768BA-A630-4C2F-9727-3ABC6BD75149}.Debug|x86.ActiveCfg = Debug|Any CPU
		{287768BA-A630-4C2F-9727-3ABC6BD75149}.Debug|x86.Build.0 = Debug|Any CPU
		{287768BA-A630-4C2F-9727-3ABC6BD75149}.Release|Any CPU.ActiveCfg = Release|Any CPU
		{287768BA-A630-4C2F-9727-3ABC6BD75149}.Release|Any CPU.Build.0 = Release|Any CPU
		{287768BA-A630-4C2F-9727-3ABC6BD75149}.Release|x64.ActiveCfg = Release|Any CPU
		{287768BA-A630-4C2F-9727-3ABC6BD75149}.Release|x64.Build.0 = Release|Any CPU
		{287768BA-A630-4C2F-9727-3ABC6BD75149}.Release|x86.ActiveCfg = Release|Any CPU
		{287768BA-A630-4C2F-9727-3ABC6BD75149}.Release|x86.Build.0 = Release|Any CPU
		{6F1B18CD-7632-4C45-85CA-C2927695ABCE}.Debug|Any CPU.ActiveCfg = Debug|Any CPU
		{6F1B18CD-7632-4C45-85CA-C2927695ABCE}.Debug|Any CPU.Build.0 = Debug|Any CPU
		{6F1B18CD-7632-4C45-85CA-C2927695ABCE}.Debug|x64.ActiveCfg = Debug|Any CPU
		{6F1B18CD-7632-4C45-85CA-C2927695ABCE}.Debug|x64.Build.0 = Debug|Any CPU
		{6F1B18CD-7632-4C45-85CA-C2927695ABCE}.Debug|x86.ActiveCfg = Debug|Any CPU
		{6F1B18CD-7632-4C45-85CA-C2927695ABCE}.Debug|x86.Build.0 = Debug|Any CPU
		{6F1B18CD-7632-4C45-85CA-C2927695ABCE}.Release|Any CPU.ActiveCfg = Release|Any CPU
		{6F1B18CD-7632-4C45-85CA-C2927695ABCE}.Release|Any CPU.Build.0 = Release|Any CPU
		{6F1B18CD-7632-4C45-85CA-C2927695ABCE}.Release|x64.ActiveCfg = Release|Any CPU
		{6F1B18CD-7632-4C45-85CA-C2927695ABCE}.Release|x64.Build.0 = Release|Any CPU
		{6F1B18CD-7632-4C45-85CA-C2927695ABCE}.Release|x86.ActiveCfg = Release|Any CPU
		{6F1B18CD-7632-4C45-85CA-C2927695ABCE}.Release|x86.Build.0 = Release|Any CPU
	EndGlobalSection
EndGlobal
